
Microsoft Visual Studio Solution File, Format Version 12.00
# Visual Studio Version 17
VisualStudioVersion = 17.13.35825.156 d17.13
MinimumVisualStudioVersion = 10.0.40219.1
Project("{FAE04EC0-301F-11D3-BF4B-00C04F79EFBC}") = "DE_Forms", "DE_Forms\DE_Forms.csproj", "{7442F165-B9C2-4586-9A1D-A8217C1804F9}"
EndProject
Project("{FAE04EC0-301F-11D3-BF4B-00C04F79EFBC}") = "DE_Lib", "DE_Lib\DE_Lib.csproj", "{65782070-2894-4B49-98F5-142A2AB84845}"
EndProject
Global
	GlobalSection(SolutionConfigurationPlatforms) = preSolution
		Debug|Any CPU = Debug|Any CPU
		Release|Any CPU = Release|Any CPU
	EndGlobalSection
	GlobalSection(ProjectConfigurationPlatforms) = postSolution
		{7442F165-B9C2-4586-9A1D-A8217C1804F9}.Debug|Any CPU.ActiveCfg = Debug|Any CPU
		{7442F165-B9C2-4586-9A1D-A8217C1804F9}.Debug|Any CPU.Build.0 = Debug|Any CPU
		{7442F165-B9C2-4586-9A1D-A8217C1804F9}.Release|Any CPU.ActiveCfg = Release|Any CPU
		{7442F165-B9C2-4586-9A1D-A8217C1804F9}.Release|Any CPU.Build.0 = Release|Any CPU
		{65782070-2894-4B49-98F5-142A2AB84845}.Debug|Any CPU.ActiveCfg = Debug|Any CPU
		{65782070-2894-4B49-98F5-142A2AB84845}.Debug|Any CPU.Build.0 = Debug|Any CPU
		{65782070-2894-4B49-98F5-142A2AB84845}.Release|Any CPU.ActiveCfg = Release|Any CPU
		{65782070-2894-4B49-98F5-142A2AB84845}.Release|Any CPU.Build.0 = Release|Any CPU
	EndGlobalSection
	GlobalSection(SolutionProperties) = preSolution
		HideSolutionNode = FALSE
	EndGlobalSection
	GlobalSection(ExtensibilityGlobals) = postSolution
		SolutionGuid = {4A41486A-FFD1-409D-911C-E773F4D7802E}
	EndGlobalSection
EndGlobal
